# THIS IS AN AUTOGENERATED FILE. DO NOT EDIT THIS FILE DIRECTLY.
# yarn lockfile v1


bs-platform@^4.0.14:
  version "4.0.17"
  resolved "https://registry.yarnpkg.com/bs-platform/-/bs-platform-4.0.17.tgz#41458e74c101f7ac97eba723660971a42f0c5e65"
  integrity sha512-ypn2VEAmuVgX+ezKF9HXXzZ9Fe47UMPyt0x9MBBAF/C0Fus9wEIOdRD0gB4p3J9uLabB/MRWWuw7ORnP8w086g==
